<?xml version="1.0" encoding="utf-8"?>
<Project ToolsVersion="4.0" xmlns="http://schemas.microsoft.com/developer/msbuild/2003">
  <ItemGroup>
    <Filter Include="Source Files">
      <UniqueIdentifier>{4FC737F1-C7A5-4376-A066-2A32D752A2FF}</UniqueIdentifier>
      <Extensions>cpp;c;cc;cxx;def;odl;idl;hpj;bat;asm;asmx</Extensions>
    </Filter>
    <Filter Include="Header Files">
      <UniqueIdentifier>{93995380-89BD-4b04-88EB-625FBE52EBFB}</UniqueIdentifier>
      <Extensions>h;hh;hpp;hxx;hm;inl;inc;ipp;xsd</Extensions>
    </Filter>
    <Filter Include="Resource Files">
      <UniqueIdentifier>{67DA6AB6-F800-4c08-8B7A-83BB121AAD01}</UniqueIdentifier>
      <Extensions>rc;ico;cur;bmp;dlg;rc2;rct;bin;rgs;gif;jpg;jpeg;jpe;resx;tiff;tif;png;wav;mfcribbon-ms</Extensions>
    </Filter>
    <Filter Include="Source Files\ch03">
      <UniqueIdentifier>{91354eda-1b4a-49c5-95a1-2a81af8a0488}</UniqueIdentifier>
    </Filter>
    <Filter Include="Source Files\ch04">
      <UniqueIdentifier>{ab13858c-dc1d-4dca-b4aa-f0156ce9bf2f}</UniqueIdentifier>
    </Filter>
    <Filter Include="Source Files\ch05">
      <UniqueIdentifier>{6b80c91a-4d9d-4fee-bb64-ac724710c563}</UniqueIdentifier>
    </Filter>
  </ItemGroup>
  <ItemGroup>
    <MASM Include="main.asm">
      <Filter>Source Files</Filter>
    </MASM>
    <MASM Include="addtwo.asm">
      <Filter>Source Files\ch03</Filter>
    </MASM>
    <MASM Include="addtwosum.asm">
      <Filter>Source Files\ch03</Filter>
    </MASM>
    <MASM Include="addvariables.asm">
      <Filter>Source Files\ch03</Filter>
    </MASM>
    <MASM Include="listsize.asm">
      <Filter>Source Files\ch03</Filter>
    </MASM>
    <MASM Include="moving.asm">
      <Filter>Source Files\ch04</Filter>
    </MASM>
    <MASM Include="addsubtest.asm">
      <Filter>Source Files\ch04</Filter>
    </MASM>
    <MASM Include="pointers.asm">
      <Filter>Source Files\ch04</Filter>
    </MASM>
    <MASM Include="sumarray.asm">
      <Filter>Source Files\ch04</Filter>
    </MASM>
    <MASM Include="strcpy.asm">
      <Filter>Source Files\ch04</Filter>
    </MASM>
    <MASM Include="btlendian.asm">
      <Filter>Source Files\ch04</Filter>
    </MASM>
    <MASM Include="exchangearr.asm">
      <Filter>Source Files\ch04</Filter>
    </MASM>
    <MASM Include="fibonacci.asm">
      <Filter>Source Files\ch04</Filter>
    </MASM>
    <MASM Include="reversearr.asm">
      <Filter>Source Files\ch04</Filter>
    </MASM>
    <MASM Include="reversestr.asm">
      <Filter>Source Files\ch05</Filter>
    </MASM>
    <MASM Include="procsumarr.asm">
      <Filter>Source Files\ch05</Filter>
    </MASM>
    <MASM Include="inputloop.asm">
      <Filter>Source Files\ch05</Filter>
    </MASM>
  </ItemGroup>
  <ItemGroup>
    <None Include=".gitignore" />
  </ItemGroup>
</Project>